
Microsoft Visual Studio Solution File, Format Version 12.00
# Visual Studio 2013
VisualStudioVersion = 12.0.21005.1
MinimumVisualStudioVersion = 10.0.40219.1
Project("{FAE04EC0-301F-11D3-BF4B-00C04F79EFBC}") = "01. RegistrationForm", "03. HTMLFormsAndFrames\01. RegistrationForm.csproj", "{ACAE951A-FFAD-439D-83F6-C66E75E5EF3A}"
EndProject
Project("{FAE04EC0-301F-11D3-BF4B-00C04F79EFBC}") = "02. UniversityGrid", "02. UniversityGrid\02. UniversityGrid.csproj", "{9CE62E45-6B8D-4C1B-9291-1B1BC9FF7CD9}"
EndProject
Project("{FAE04EC0-301F-11D3-BF4B-00C04F79EFBC}") = "03. NotebookStore", "03. NotebookStore\03. NotebookStore.csproj", "{3098A6A7-AF2B-43D8-B634-040EEA039440}"
EndProject
Global
	GlobalSection(SolutionConfigurationPlatforms) = preSolution
		Debug|Any CPU = Debug|Any CPU
		Release|Any CPU = Release|Any CPU
	EndGlobalSection
	GlobalSection(ProjectConfigurationPlatforms) = postSolution
		{ACAE951A-FFAD-439D-83F6-C66E75E5EF3A}.Debug|Any CPU.ActiveCfg = Debug|Any CPU
		{ACAE951A-FFAD-439D-83F6-C66E75E5EF3A}.Debug|Any CPU.Build.0 = Debug|Any CPU
		{ACAE951A-FFAD-439D-83F6-C66E75E5EF3A}.Release|Any CPU.ActiveCfg = Release|Any CPU
		{ACAE951A-FFAD-439D-83F6-C66E75E5EF3A}.Release|Any CPU.Build.0 = Release|Any CPU
		{9CE62E45-6B8D-4C1B-9291-1B1BC9FF7CD9}.Debug|Any CPU.ActiveCfg = Debug|Any CPU
		{9CE62E45-6B8D-4C1B-9291-1B1BC9FF7CD9}.Debug|Any CPU.Build.0 = Debug|Any CPU
		{9CE62E45-6B8D-4C1B-9291-1B1BC9FF7CD9}.Release|Any CPU.ActiveCfg = Release|Any CPU
		{9CE62E45-6B8D-4C1B-9291-1B1BC9FF7CD9}.Release|Any CPU.Build.0 = Release|Any CPU
		{3098A6A7-AF2B-43D8-B634-040EEA039440}.Debug|Any CPU.ActiveCfg = Debug|Any CPU
		{3098A6A7-AF2B-43D8-B634-040EEA039440}.Debug|Any CPU.Build.0 = Debug|Any CPU
		{3098A6A7-AF2B-43D8-B634-040EEA039440}.Release|Any CPU.ActiveCfg = Release|Any CPU
		{3098A6A7-AF2B-43D8-B634-040EEA039440}.Release|Any CPU.Build.0 = Release|Any CPU
	EndGlobalSection
	GlobalSection(SolutionProperties) = preSolution
		HideSolutionNode = FALSE
	EndGlobalSection
EndGlobal
