
Microsoft Visual Studio Solution File, Format Version 12.00
# Visual Studio 2013
VisualStudioVersion = 12.0.21005.1
MinimumVisualStudioVersion = 10.0.40219.1
Project("{FAE04EC0-301F-11D3-BF4B-00C04F79EFBC}") = "Abstraction", "01FiguresExample\Abstraction.csproj", "{F23C3DCA-B47A-40EC-8096-DAA2E958EE9E}"
EndProject
Project("{FAE04EC0-301F-11D3-BF4B-00C04F79EFBC}") = "CohesionAndCoupling", "03Cohesion and Coupling\CohesionAndCoupling.csproj", "{8A4D095A-0ED3-4989-B9FF-A3DF29C2DE0D}"
EndProject
Project("{FAE04EC0-301F-11D3-BF4B-00C04F79EFBC}") = "InheritanceAndPolymorphism", "InheritanceAndPolymorphism\InheritanceAndPolymorphism.csproj", "{AE1920FA-DADF-4980-AB4B-5CBDC5F48C2C}"
EndProject
Global
	GlobalSection(SolutionConfigurationPlatforms) = preSolution
		Debug|Any CPU = Debug|Any CPU
		Release|Any CPU = Release|Any CPU
	EndGlobalSection
	GlobalSection(ProjectConfigurationPlatforms) = postSolution
		{F23C3DCA-B47A-40EC-8096-DAA2E958EE9E}.Debug|Any CPU.ActiveCfg = Debug|Any CPU
		{F23C3DCA-B47A-40EC-8096-DAA2E958EE9E}.Debug|Any CPU.Build.0 = Debug|Any CPU
		{F23C3DCA-B47A-40EC-8096-DAA2E958EE9E}.Release|Any CPU.ActiveCfg = Release|Any CPU
		{F23C3DCA-B47A-40EC-8096-DAA2E958EE9E}.Release|Any CPU.Build.0 = Release|Any CPU
		{8A4D095A-0ED3-4989-B9FF-A3DF29C2DE0D}.Debug|Any CPU.ActiveCfg = Debug|Any CPU
		{8A4D095A-0ED3-4989-B9FF-A3DF29C2DE0D}.Debug|Any CPU.Build.0 = Debug|Any CPU
		{8A4D095A-0ED3-4989-B9FF-A3DF29C2DE0D}.Release|Any CPU.ActiveCfg = Release|Any CPU
		{8A4D095A-0ED3-4989-B9FF-A3DF29C2DE0D}.Release|Any CPU.Build.0 = Release|Any CPU
		{AE1920FA-DADF-4980-AB4B-5CBDC5F48C2C}.Debug|Any CPU.ActiveCfg = Debug|Any CPU
		{AE1920FA-DADF-4980-AB4B-5CBDC5F48C2C}.Debug|Any CPU.Build.0 = Debug|Any CPU
		{AE1920FA-DADF-4980-AB4B-5CBDC5F48C2C}.Release|Any CPU.ActiveCfg = Release|Any CPU
		{AE1920FA-DADF-4980-AB4B-5CBDC5F48C2C}.Release|Any CPU.Build.0 = Release|Any CPU
	EndGlobalSection
	GlobalSection(SolutionProperties) = preSolution
		HideSolutionNode = FALSE
	EndGlobalSection
EndGlobal
