
Microsoft Visual Studio Solution File, Format Version 12.00
# Visual Studio 14
VisualStudioVersion = 14.0.23107.0
MinimumVisualStudioVersion = 10.0.40219.1
Project("{FAE04EC0-301F-11D3-BF4B-00C04F79EFBC}") = "1.BrowserInfo", "1.BrowserInfo\1.BrowserInfo.csproj", "{D51437CD-5AF0-43D2-90FB-5BA538B9C917}"
EndProject
Project("{FAE04EC0-301F-11D3-BF4B-00C04F79EFBC}") = "2.SessionTasks", "2.SessionTasks\2.SessionTasks.csproj", "{85EA27CA-9FC0-4808-8E3F-E40BDC392978}"
EndProject
Project("{FAE04EC0-301F-11D3-BF4B-00C04F79EFBC}") = "3.Cookie", "3.Cookie\3.Cookie.csproj", "{B5D91F48-A9FC-406A-8977-45225BDC54E2}"
EndProject
Project("{FAE04EC0-301F-11D3-BF4B-00C04F79EFBC}") = "5.WebCounter", "5.WebCounter\5.WebCounter.csproj", "{859912EE-B7D9-4FFF-A24F-9D1241D84594}"
EndProject
Global
	GlobalSection(SolutionConfigurationPlatforms) = preSolution
		Debug|Any CPU = Debug|Any CPU
		Release|Any CPU = Release|Any CPU
	EndGlobalSection
	GlobalSection(ProjectConfigurationPlatforms) = postSolution
		{D51437CD-5AF0-43D2-90FB-5BA538B9C917}.Debug|Any CPU.ActiveCfg = Debug|Any CPU
		{D51437CD-5AF0-43D2-90FB-5BA538B9C917}.Debug|Any CPU.Build.0 = Debug|Any CPU
		{D51437CD-5AF0-43D2-90FB-5BA538B9C917}.Release|Any CPU.ActiveCfg = Release|Any CPU
		{D51437CD-5AF0-43D2-90FB-5BA538B9C917}.Release|Any CPU.Build.0 = Release|Any CPU
		{85EA27CA-9FC0-4808-8E3F-E40BDC392978}.Debug|Any CPU.ActiveCfg = Debug|Any CPU
		{85EA27CA-9FC0-4808-8E3F-E40BDC392978}.Debug|Any CPU.Build.0 = Debug|Any CPU
		{85EA27CA-9FC0-4808-8E3F-E40BDC392978}.Release|Any CPU.ActiveCfg = Release|Any CPU
		{85EA27CA-9FC0-4808-8E3F-E40BDC392978}.Release|Any CPU.Build.0 = Release|Any CPU
		{B5D91F48-A9FC-406A-8977-45225BDC54E2}.Debug|Any CPU.ActiveCfg = Debug|Any CPU
		{B5D91F48-A9FC-406A-8977-45225BDC54E2}.Debug|Any CPU.Build.0 = Debug|Any CPU
		{B5D91F48-A9FC-406A-8977-45225BDC54E2}.Release|Any CPU.ActiveCfg = Release|Any CPU
		{B5D91F48-A9FC-406A-8977-45225BDC54E2}.Release|Any CPU.Build.0 = Release|Any CPU
		{859912EE-B7D9-4FFF-A24F-9D1241D84594}.Debug|Any CPU.ActiveCfg = Debug|Any CPU
		{859912EE-B7D9-4FFF-A24F-9D1241D84594}.Debug|Any CPU.Build.0 = Debug|Any CPU
		{859912EE-B7D9-4FFF-A24F-9D1241D84594}.Release|Any CPU.ActiveCfg = Release|Any CPU
		{859912EE-B7D9-4FFF-A24F-9D1241D84594}.Release|Any CPU.Build.0 = Release|Any CPU
	EndGlobalSection
	GlobalSection(SolutionProperties) = preSolution
		HideSolutionNode = FALSE
	EndGlobalSection
EndGlobal
