
Microsoft Visual Studio Solution File, Format Version 12.00
# Visual Studio 14
VisualStudioVersion = 14.0.23107.0
MinimumVisualStudioVersion = 10.0.40219.1
Project("{FAE04EC0-301F-11D3-BF4B-00C04F79EFBC}") = "1.UserProfile", "1.UserProfile\1.UserProfile.csproj", "{290C6B39-30FF-41CC-ADA8-CAB2431E0C8B}"
EndProject
Project("{FAE04EC0-301F-11D3-BF4B-00C04F79EFBC}") = "2.Company", "2.Company\2.Company.csproj", "{F86BDFCC-B261-48A7-99E5-E0D2AECE14A7}"
EndProject
Global
	GlobalSection(SolutionConfigurationPlatforms) = preSolution
		Debug|Any CPU = Debug|Any CPU
		Release|Any CPU = Release|Any CPU
	EndGlobalSection
	GlobalSection(ProjectConfigurationPlatforms) = postSolution
		{290C6B39-30FF-41CC-ADA8-CAB2431E0C8B}.Debug|Any CPU.ActiveCfg = Debug|Any CPU
		{290C6B39-30FF-41CC-ADA8-CAB2431E0C8B}.Debug|Any CPU.Build.0 = Debug|Any CPU
		{290C6B39-30FF-41CC-ADA8-CAB2431E0C8B}.Release|Any CPU.ActiveCfg = Release|Any CPU
		{290C6B39-30FF-41CC-ADA8-CAB2431E0C8B}.Release|Any CPU.Build.0 = Release|Any CPU
		{F86BDFCC-B261-48A7-99E5-E0D2AECE14A7}.Debug|Any CPU.ActiveCfg = Debug|Any CPU
		{F86BDFCC-B261-48A7-99E5-E0D2AECE14A7}.Debug|Any CPU.Build.0 = Debug|Any CPU
		{F86BDFCC-B261-48A7-99E5-E0D2AECE14A7}.Release|Any CPU.ActiveCfg = Release|Any CPU
		{F86BDFCC-B261-48A7-99E5-E0D2AECE14A7}.Release|Any CPU.Build.0 = Release|Any CPU
	EndGlobalSection
	GlobalSection(SolutionProperties) = preSolution
		HideSolutionNode = FALSE
	EndGlobalSection
EndGlobal
