
Microsoft Visual Studio Solution File, Format Version 12.00
# Visual Studio 14
VisualStudioVersion = 14.0.23107.0
MinimumVisualStudioVersion = 10.0.40219.1
Project("{FAE04EC0-301F-11D3-BF4B-00C04F79EFBC}") = "WebForms", "WebForms\WebForms.csproj", "{B9A3E3E6-BC44-4547-913D-7BEDBFDFF3D4}"
EndProject
Project("{FAE04EC0-301F-11D3-BF4B-00C04F79EFBC}") = "MVC", "MVC\MVC.csproj", "{4FA72547-8708-474E-B187-A6428B7885C7}"
EndProject
Project("{FAE04EC0-301F-11D3-BF4B-00C04F79EFBC}") = "WebAPI", "WebAPI\WebAPI.csproj", "{8659DE05-B8CA-4605-A638-1323060FA7AC}"
EndProject
Project("{FAE04EC0-301F-11D3-BF4B-00C04F79EFBC}") = "SPA", "SPA\SPA.csproj", "{C7EBAB65-7F05-4736-A9C3-C1929FCD681F}"
EndProject
Project("{FAE04EC0-301F-11D3-BF4B-00C04F79EFBC}") = "HTTPHandler", "HTTPHandler\HTTPHandler.csproj", "{DB704FB1-0DE0-4FD6-8223-DA2D8D4D69BB}"
EndProject
Global
	GlobalSection(SolutionConfigurationPlatforms) = preSolution
		Debug|Any CPU = Debug|Any CPU
		Release|Any CPU = Release|Any CPU
	EndGlobalSection
	GlobalSection(ProjectConfigurationPlatforms) = postSolution
		{B9A3E3E6-BC44-4547-913D-7BEDBFDFF3D4}.Debug|Any CPU.ActiveCfg = Debug|Any CPU
		{B9A3E3E6-BC44-4547-913D-7BEDBFDFF3D4}.Debug|Any CPU.Build.0 = Debug|Any CPU
		{B9A3E3E6-BC44-4547-913D-7BEDBFDFF3D4}.Release|Any CPU.ActiveCfg = Release|Any CPU
		{B9A3E3E6-BC44-4547-913D-7BEDBFDFF3D4}.Release|Any CPU.Build.0 = Release|Any CPU
		{4FA72547-8708-474E-B187-A6428B7885C7}.Debug|Any CPU.ActiveCfg = Debug|Any CPU
		{4FA72547-8708-474E-B187-A6428B7885C7}.Debug|Any CPU.Build.0 = Debug|Any CPU
		{4FA72547-8708-474E-B187-A6428B7885C7}.Release|Any CPU.ActiveCfg = Release|Any CPU
		{4FA72547-8708-474E-B187-A6428B7885C7}.Release|Any CPU.Build.0 = Release|Any CPU
		{8659DE05-B8CA-4605-A638-1323060FA7AC}.Debug|Any CPU.ActiveCfg = Debug|Any CPU
		{8659DE05-B8CA-4605-A638-1323060FA7AC}.Debug|Any CPU.Build.0 = Debug|Any CPU
		{8659DE05-B8CA-4605-A638-1323060FA7AC}.Release|Any CPU.ActiveCfg = Release|Any CPU
		{8659DE05-B8CA-4605-A638-1323060FA7AC}.Release|Any CPU.Build.0 = Release|Any CPU
		{C7EBAB65-7F05-4736-A9C3-C1929FCD681F}.Debug|Any CPU.ActiveCfg = Debug|Any CPU
		{C7EBAB65-7F05-4736-A9C3-C1929FCD681F}.Debug|Any CPU.Build.0 = Debug|Any CPU
		{C7EBAB65-7F05-4736-A9C3-C1929FCD681F}.Release|Any CPU.ActiveCfg = Release|Any CPU
		{C7EBAB65-7F05-4736-A9C3-C1929FCD681F}.Release|Any CPU.Build.0 = Release|Any CPU
		{DB704FB1-0DE0-4FD6-8223-DA2D8D4D69BB}.Debug|Any CPU.ActiveCfg = Debug|Any CPU
		{DB704FB1-0DE0-4FD6-8223-DA2D8D4D69BB}.Debug|Any CPU.Build.0 = Debug|Any CPU
		{DB704FB1-0DE0-4FD6-8223-DA2D8D4D69BB}.Release|Any CPU.ActiveCfg = Release|Any CPU
		{DB704FB1-0DE0-4FD6-8223-DA2D8D4D69BB}.Release|Any CPU.Build.0 = Release|Any CPU
	EndGlobalSection
	GlobalSection(SolutionProperties) = preSolution
		HideSolutionNode = FALSE
	EndGlobalSection
EndGlobal
