
Microsoft Visual Studio Solution File, Format Version 12.00
# Visual Studio 2013
VisualStudioVersion = 12.0.40629.0
MinimumVisualStudioVersion = 10.0.40219.1
Project("{FAE04EC0-301F-11D3-BF4B-00C04F79EFBC}") = "01. Tools", "01. Tools\01. Tools.csproj", "{7A31BF70-891C-4A37-BD1E-30130FC478F5}"
EndProject
Project("{FAE04EC0-301F-11D3-BF4B-00C04F79EFBC}") = "02. T4Teplate", "02. T4Teplate\02. T4Teplate.csproj", "{8F3B85EC-9464-42A6-917A-4263C17C29A5}"
EndProject
Project("{2150E333-8FDC-42A3-9474-1A3956D46DE8}") = "03. GitHub Link", "03. GitHub Link", "{19A33045-3437-411C-AC81-65D3F6B5373D}"
	ProjectSection(SolutionItems) = preProject
		GitHub.txt = GitHub.txt
	EndProjectSection
EndProject
Global
	GlobalSection(SolutionConfigurationPlatforms) = preSolution
		Debug|Any CPU = Debug|Any CPU
		Release|Any CPU = Release|Any CPU
	EndGlobalSection
	GlobalSection(ProjectConfigurationPlatforms) = postSolution
		{7A31BF70-891C-4A37-BD1E-30130FC478F5}.Debug|Any CPU.ActiveCfg = Debug|Any CPU
		{7A31BF70-891C-4A37-BD1E-30130FC478F5}.Debug|Any CPU.Build.0 = Debug|Any CPU
		{7A31BF70-891C-4A37-BD1E-30130FC478F5}.Release|Any CPU.ActiveCfg = Release|Any CPU
		{7A31BF70-891C-4A37-BD1E-30130FC478F5}.Release|Any CPU.Build.0 = Release|Any CPU
		{8F3B85EC-9464-42A6-917A-4263C17C29A5}.Debug|Any CPU.ActiveCfg = Debug|Any CPU
		{8F3B85EC-9464-42A6-917A-4263C17C29A5}.Debug|Any CPU.Build.0 = Debug|Any CPU
		{8F3B85EC-9464-42A6-917A-4263C17C29A5}.Release|Any CPU.ActiveCfg = Release|Any CPU
		{8F3B85EC-9464-42A6-917A-4263C17C29A5}.Release|Any CPU.Build.0 = Release|Any CPU
	EndGlobalSection
	GlobalSection(SolutionProperties) = preSolution
		HideSolutionNode = FALSE
	EndGlobalSection
EndGlobal
