
Microsoft Visual Studio Solution File, Format Version 12.00
# Visual Studio 14
VisualStudioVersion = 14.0.24720.0
MinimumVisualStudioVersion = 10.0.40219.1
Project("{2150E333-8FDC-42A3-9474-1A3956D46DE8}") = "Data", "Data", "{DF91FB92-B4A5-4689-9135-94434B0BFA2E}"
EndProject
Project("{FAE04EC0-301F-11D3-BF4B-00C04F79EFBC}") = "BestSportsStore.Data", "BestSportsStore.Data\BestSportsStore.Data.csproj", "{64881A92-320C-453A-A7DE-6E52E93F00C7}"
EndProject
Project("{FAE04EC0-301F-11D3-BF4B-00C04F79EFBC}") = "BestSportsStore.Data.Models", "BestSportsStore.Data.Models\BestSportsStore.Data.Models.csproj", "{CBBBF893-D511-4C0A-8E74-A6033A378FB0}"
EndProject
Project("{2150E333-8FDC-42A3-9474-1A3956D46DE8}") = "Services", "Services", "{357630EF-528D-4E9E-8530-B0CE2A7EC3B7}"
EndProject
Project("{FAE04EC0-301F-11D3-BF4B-00C04F79EFBC}") = "BestSportsStore.Services", "BestSportsStore.Services\BestSportsStore.Services.csproj", "{DAE2191E-0311-4A5F-8207-9759C86F31A2}"
EndProject
Project("{FAE04EC0-301F-11D3-BF4B-00C04F79EFBC}") = "BestSportsStore.Web", "BestSportsStore.Web\BestSportsStore.Web.csproj", "{32EF5171-5892-4BC5-A9DE-18CC87B7B327}"
EndProject
Project("{2150E333-8FDC-42A3-9474-1A3956D46DE8}") = "Web", "Web", "{5B78B890-BC59-496A-9F9F-2B1D2BC308CC}"
EndProject
Project("{2150E333-8FDC-42A3-9474-1A3956D46DE8}") = "Tests", "Tests", "{28F86A0A-28CC-44B4-8748-C73878617023}"
EndProject
Project("{FAE04EC0-301F-11D3-BF4B-00C04F79EFBC}") = "BestSportsStore.Web.Infrastructure", "BestSportsStore.Web.Infrastructure\BestSportsStore.Web.Infrastructure.csproj", "{B2A2815C-96D0-48F8-9342-923664375138}"
EndProject
Project("{2150E333-8FDC-42A3-9474-1A3956D46DE8}") = "Common", "Common", "{AF8C3D45-F910-45E0-AA5E-9DAE9D68FB24}"
EndProject
Project("{FAE04EC0-301F-11D3-BF4B-00C04F79EFBC}") = "BestSportsStore.Common", "BestSportsStore.Common\BestSportsStore.Common.csproj", "{DE95A52D-C4B9-476C-9A7C-D5A44814943F}"
EndProject
Project("{FAE04EC0-301F-11D3-BF4B-00C04F79EFBC}") = "BestSportsStore.Web.Controllers.Tests", "BestSportsStore.Web.Controllers.Tests\BestSportsStore.Web.Controllers.Tests.csproj", "{D8988556-962E-42DE-A5DE-FDA9E8FB48D8}"
EndProject
Global
	GlobalSection(SolutionConfigurationPlatforms) = preSolution
		Debug|Any CPU = Debug|Any CPU
		Release|Any CPU = Release|Any CPU
	EndGlobalSection
	GlobalSection(ProjectConfigurationPlatforms) = postSolution
		{64881A92-320C-453A-A7DE-6E52E93F00C7}.Debug|Any CPU.ActiveCfg = Debug|Any CPU
		{64881A92-320C-453A-A7DE-6E52E93F00C7}.Debug|Any CPU.Build.0 = Debug|Any CPU
		{64881A92-320C-453A-A7DE-6E52E93F00C7}.Release|Any CPU.ActiveCfg = Release|Any CPU
		{64881A92-320C-453A-A7DE-6E52E93F00C7}.Release|Any CPU.Build.0 = Release|Any CPU
		{CBBBF893-D511-4C0A-8E74-A6033A378FB0}.Debug|Any CPU.ActiveCfg = Debug|Any CPU
		{CBBBF893-D511-4C0A-8E74-A6033A378FB0}.Debug|Any CPU.Build.0 = Debug|Any CPU
		{CBBBF893-D511-4C0A-8E74-A6033A378FB0}.Release|Any CPU.ActiveCfg = Release|Any CPU
		{CBBBF893-D511-4C0A-8E74-A6033A378FB0}.Release|Any CPU.Build.0 = Release|Any CPU
		{DAE2191E-0311-4A5F-8207-9759C86F31A2}.Debug|Any CPU.ActiveCfg = Debug|Any CPU
		{DAE2191E-0311-4A5F-8207-9759C86F31A2}.Debug|Any CPU.Build.0 = Debug|Any CPU
		{DAE2191E-0311-4A5F-8207-9759C86F31A2}.Release|Any CPU.ActiveCfg = Release|Any CPU
		{DAE2191E-0311-4A5F-8207-9759C86F31A2}.Release|Any CPU.Build.0 = Release|Any CPU
		{32EF5171-5892-4BC5-A9DE-18CC87B7B327}.Debug|Any CPU.ActiveCfg = Debug|Any CPU
		{32EF5171-5892-4BC5-A9DE-18CC87B7B327}.Debug|Any CPU.Build.0 = Debug|Any CPU
		{32EF5171-5892-4BC5-A9DE-18CC87B7B327}.Release|Any CPU.ActiveCfg = Release|Any CPU
		{32EF5171-5892-4BC5-A9DE-18CC87B7B327}.Release|Any CPU.Build.0 = Release|Any CPU
		{B2A2815C-96D0-48F8-9342-923664375138}.Debug|Any CPU.ActiveCfg = Debug|Any CPU
		{B2A2815C-96D0-48F8-9342-923664375138}.Debug|Any CPU.Build.0 = Debug|Any CPU
		{B2A2815C-96D0-48F8-9342-923664375138}.Release|Any CPU.ActiveCfg = Release|Any CPU
		{B2A2815C-96D0-48F8-9342-923664375138}.Release|Any CPU.Build.0 = Release|Any CPU
		{DE95A52D-C4B9-476C-9A7C-D5A44814943F}.Debug|Any CPU.ActiveCfg = Debug|Any CPU
		{DE95A52D-C4B9-476C-9A7C-D5A44814943F}.Debug|Any CPU.Build.0 = Debug|Any CPU
		{DE95A52D-C4B9-476C-9A7C-D5A44814943F}.Release|Any CPU.ActiveCfg = Release|Any CPU
		{DE95A52D-C4B9-476C-9A7C-D5A44814943F}.Release|Any CPU.Build.0 = Release|Any CPU
		{D8988556-962E-42DE-A5DE-FDA9E8FB48D8}.Debug|Any CPU.ActiveCfg = Debug|Any CPU
		{D8988556-962E-42DE-A5DE-FDA9E8FB48D8}.Debug|Any CPU.Build.0 = Debug|Any CPU
		{D8988556-962E-42DE-A5DE-FDA9E8FB48D8}.Release|Any CPU.ActiveCfg = Release|Any CPU
		{D8988556-962E-42DE-A5DE-FDA9E8FB48D8}.Release|Any CPU.Build.0 = Release|Any CPU
	EndGlobalSection
	GlobalSection(SolutionProperties) = preSolution
		HideSolutionNode = FALSE
	EndGlobalSection
	GlobalSection(NestedProjects) = preSolution
		{64881A92-320C-453A-A7DE-6E52E93F00C7} = {DF91FB92-B4A5-4689-9135-94434B0BFA2E}
		{CBBBF893-D511-4C0A-8E74-A6033A378FB0} = {DF91FB92-B4A5-4689-9135-94434B0BFA2E}
		{DAE2191E-0311-4A5F-8207-9759C86F31A2} = {357630EF-528D-4E9E-8530-B0CE2A7EC3B7}
		{32EF5171-5892-4BC5-A9DE-18CC87B7B327} = {5B78B890-BC59-496A-9F9F-2B1D2BC308CC}
		{B2A2815C-96D0-48F8-9342-923664375138} = {5B78B890-BC59-496A-9F9F-2B1D2BC308CC}
		{DE95A52D-C4B9-476C-9A7C-D5A44814943F} = {AF8C3D45-F910-45E0-AA5E-9DAE9D68FB24}
		{D8988556-962E-42DE-A5DE-FDA9E8FB48D8} = {28F86A0A-28CC-44B4-8748-C73878617023}
	EndGlobalSection
EndGlobal
