
Microsoft Visual Studio Solution File, Format Version 12.00
# Visual Studio 2013
VisualStudioVersion = 12.0.21005.1
MinimumVisualStudioVersion = 10.0.40219.1
Project("{FAE04EC0-301F-11D3-BF4B-00C04F79EFBC}") = "ShipDamage", "ShipDamage\ShipDamage.csproj", "{1504F4E7-CD44-48E5-ACBC-68C870C5D86C}"
EndProject
Project("{FAE04EC0-301F-11D3-BF4B-00C04F79EFBC}") = "Tribonacci", "Tribonacci\Tribonacci.csproj", "{1A4BDA16-F183-44C7-96A8-CF17BD95D7CF}"
EndProject
Project("{FAE04EC0-301F-11D3-BF4B-00C04F79EFBC}") = "FirTree", "FirTree\FirTree.csproj", "{5A7497F1-4208-4C91-9763-8D5C17CAED1A}"
EndProject
Project("{FAE04EC0-301F-11D3-BF4B-00C04F79EFBC}") = "WeLoveBits", "WeLoveBits\WeLoveBits.csproj", "{CF32110D-CB0B-47C0-B754-EF7172D23961}"
EndProject
Project("{FAE04EC0-301F-11D3-BF4B-00C04F79EFBC}") = "Pillars", "Pillars\Pillars.csproj", "{17E0FA88-D165-4557-958C-31B7298B54FE}"
EndProject
Project("{FAE04EC0-301F-11D3-BF4B-00C04F79EFBC}") = "FighterAttack", "FighterAttack\FighterAttack.csproj", "{C6B63219-97B7-4F57-AF7B-1CBEAB6E06CA}"
EndProject
Project("{FAE04EC0-301F-11D3-BF4B-00C04F79EFBC}") = "AstrologicalDigits", "AstrologicalDigits\AstrologicalDigits.csproj", "{8B5A2424-006E-4E87-BF7C-EB70B2A5E177}"
EndProject
Project("{FAE04EC0-301F-11D3-BF4B-00C04F79EFBC}") = "SandGlass", "SandGlass\SandGlass.csproj", "{48E3153A-D715-4AC6-87F5-B1F737583CE5}"
EndProject
Project("{FAE04EC0-301F-11D3-BF4B-00C04F79EFBC}") = "DancingBits", "DancingBits\DancingBits.csproj", "{E28DB9D2-D78B-40C0-8718-636862558955}"
EndProject
Project("{FAE04EC0-301F-11D3-BF4B-00C04F79EFBC}") = "Lines", "Lines\Lines.csproj", "{6502D6CA-E5A0-4372-B098-5520EBD1FD05}"
EndProject
Project("{FAE04EC0-301F-11D3-BF4B-00C04F79EFBC}") = "NextDate", "NextDate\NextDate.csproj", "{E3D27C78-40F3-44A1-BEB6-869B184751C8}"
EndProject
Project("{FAE04EC0-301F-11D3-BF4B-00C04F79EFBC}") = "TribonacciTriangle", "TribonacciTriangle\TribonacciTriangle.csproj", "{6D92B734-89AE-4F7E-B8FA-8C4E719230C5}"
EndProject
Project("{FAE04EC0-301F-11D3-BF4B-00C04F79EFBC}") = "Sheets", "Sheets\Sheets.csproj", "{06E962EB-E229-4498-BBBA-25CD07EE002C}"
EndProject
Project("{FAE04EC0-301F-11D3-BF4B-00C04F79EFBC}") = "Carpets", "Carpets\Carpets.csproj", "{B2013017-3D72-4CDE-88F6-9E0E7B48BA02}"
EndProject
Project("{FAE04EC0-301F-11D3-BF4B-00C04F79EFBC}") = "FormulaBit", "FormulaBit\FormulaBit.csproj", "{ABD04B47-3BBA-46A9-85E4-2493E3F3CA6D}"
EndProject
Project("{FAE04EC0-301F-11D3-BF4B-00C04F79EFBC}") = "SevenlandNumbers", "SevenlandNumbers\SevenlandNumbers.csproj", "{61903E01-5733-4399-98C8-634EB7774E4A}"
EndProject
Project("{FAE04EC0-301F-11D3-BF4B-00C04F79EFBC}") = "Anacci", "Anacci\Anacci.csproj", "{089F8880-D2E3-415F-A0D3-9FFBEC69274F}"
EndProject
Project("{FAE04EC0-301F-11D3-BF4B-00C04F79EFBC}") = "ExcelColumns", "ExcelColumns\ExcelColumns.csproj", "{88893FC2-6066-460B-9CFF-3CA00C87972C}"
EndProject
Project("{FAE04EC0-301F-11D3-BF4B-00C04F79EFBC}") = "TelerikLogo", "TelerikLogo\TelerikLogo.csproj", "{04F43BAE-ACAE-4494-BA19-E0B7D11B3A0E}"
EndProject
Project("{FAE04EC0-301F-11D3-BF4B-00C04F79EFBC}") = "BitBall", "BitBall\BitBall.csproj", "{5D2FAA82-FAFB-4005-9F9F-939117580B49}"
EndProject
Project("{FAE04EC0-301F-11D3-BF4B-00C04F79EFBC}") = "TripleRotationOfDigit", "TripleRotationOfDigit\TripleRotationOfDigit.csproj", "{324D22E2-BE25-4E09-AEB6-A5611082F12D}"
EndProject
Project("{FAE04EC0-301F-11D3-BF4B-00C04F79EFBC}") = "QuadronacciRectangle", "QuadronacciRectangle\QuadronacciRectangle.csproj", "{60DD6864-137B-4BB2-935F-216ABF099306}"
EndProject
Project("{FAE04EC0-301F-11D3-BF4B-00C04F79EFBC}") = "PokerGame", "PokerGame\PokerGame.csproj", "{E69B4394-323B-4B80-A9FE-FDE3AE92953A}"
EndProject
Project("{FAE04EC0-301F-11D3-BF4B-00C04F79EFBC}") = "UKfFlag", "UKfFlag\UKfFlag.csproj", "{88DBED5A-FD0D-4104-98DE-D96E3D447C18}"
EndProject
Project("{FAE04EC0-301F-11D3-BF4B-00C04F79EFBC}") = "AngryBits", "AngryBits\AngryBits.csproj", "{55BC42E0-2392-420D-815B-94906ABE6FF2}"
EndProject
Project("{FAE04EC0-301F-11D3-BF4B-00C04F79EFBC}") = "SecretCode2-4-8", "SecretCode2-4-8\SecretCode2-4-8.csproj", "{7E098E45-6869-49ED-A66A-609DE78F1D0A}"
EndProject
Project("{FAE04EC0-301F-11D3-BF4B-00C04F79EFBC}") = "NightmareOnCodeStreet", "NightmareOnCodeStreet\NightmareOnCodeStreet.csproj", "{52389597-43D1-4D70-9DB2-C9EC258BA18C}"
EndProject
Project("{FAE04EC0-301F-11D3-BF4B-00C04F79EFBC}") = "KaspichaniaBoats", "KaspichaniaBoats\KaspichaniaBoats.csproj", "{AC835222-2DD1-4724-87CE-3AC9AAB8167C}"
EndProject
Project("{FAE04EC0-301F-11D3-BF4B-00C04F79EFBC}") = "Enigmanation", "Enigmanation\Enigmanation.csproj", "{F4C5C1A4-7165-47B9-A8C2-F2320D96FB0B}"
EndProject
Project("{FAE04EC0-301F-11D3-BF4B-00C04F79EFBC}") = "GameOfPage", "GameOfPage\GameOfPage.csproj", "{AABBFCCB-03F4-4831-AC0B-390534163056}"
EndProject
Project("{FAE04EC0-301F-11D3-BF4B-00C04F79EFBC}") = "PeaceOfCake", "PeaceOfCake\PeaceOfCake.csproj", "{4FC29F8A-0F92-4C5A-915B-3B866D84E319}"
EndProject
Project("{FAE04EC0-301F-11D3-BF4B-00C04F79EFBC}") = "AngryFemale", "AngryFemale\AngryFemale.csproj", "{80C4CFF9-FADE-48E7-90C7-5E96C4992D44}"
EndProject
Project("{FAE04EC0-301F-11D3-BF4B-00C04F79EFBC}") = "OnesAndZeros", "OnesAndZeros\OnesAndZeros.csproj", "{A91BE94F-03C7-457E-839D-41121B8823AF}"
EndProject
Project("{FAE04EC0-301F-11D3-BF4B-00C04F79EFBC}") = "Eggcelent", "Eggcelent\Eggcelent.csproj", "{1B4A83FB-4785-4E5E-8515-2DB10F8E47E4}"
EndProject
Project("{FAE04EC0-301F-11D3-BF4B-00C04F79EFBC}") = "NaBabaMiSmetalnika", "NaBabaMiSmetalnika\NaBabaMiSmetalnika.csproj", "{4FF0C019-B327-4400-BA51-B6432D0F2137}"
EndProject
Global
	GlobalSection(SolutionConfigurationPlatforms) = preSolution
		Debug|Any CPU = Debug|Any CPU
		Release|Any CPU = Release|Any CPU
	EndGlobalSection
	GlobalSection(ProjectConfigurationPlatforms) = postSolution
		{1504F4E7-CD44-48E5-ACBC-68C870C5D86C}.Debug|Any CPU.ActiveCfg = Debug|Any CPU
		{1504F4E7-CD44-48E5-ACBC-68C870C5D86C}.Debug|Any CPU.Build.0 = Debug|Any CPU
		{1504F4E7-CD44-48E5-ACBC-68C870C5D86C}.Release|Any CPU.ActiveCfg = Release|Any CPU
		{1504F4E7-CD44-48E5-ACBC-68C870C5D86C}.Release|Any CPU.Build.0 = Release|Any CPU
		{1A4BDA16-F183-44C7-96A8-CF17BD95D7CF}.Debug|Any CPU.ActiveCfg = Debug|Any CPU
		{1A4BDA16-F183-44C7-96A8-CF17BD95D7CF}.Debug|Any CPU.Build.0 = Debug|Any CPU
		{1A4BDA16-F183-44C7-96A8-CF17BD95D7CF}.Release|Any CPU.ActiveCfg = Release|Any CPU
		{1A4BDA16-F183-44C7-96A8-CF17BD95D7CF}.Release|Any CPU.Build.0 = Release|Any CPU
		{5A7497F1-4208-4C91-9763-8D5C17CAED1A}.Debug|Any CPU.ActiveCfg = Debug|Any CPU
		{5A7497F1-4208-4C91-9763-8D5C17CAED1A}.Debug|Any CPU.Build.0 = Debug|Any CPU
		{5A7497F1-4208-4C91-9763-8D5C17CAED1A}.Release|Any CPU.ActiveCfg = Release|Any CPU
		{5A7497F1-4208-4C91-9763-8D5C17CAED1A}.Release|Any CPU.Build.0 = Release|Any CPU
		{CF32110D-CB0B-47C0-B754-EF7172D23961}.Debug|Any CPU.ActiveCfg = Debug|Any CPU
		{CF32110D-CB0B-47C0-B754-EF7172D23961}.Debug|Any CPU.Build.0 = Debug|Any CPU
		{CF32110D-CB0B-47C0-B754-EF7172D23961}.Release|Any CPU.ActiveCfg = Release|Any CPU
		{CF32110D-CB0B-47C0-B754-EF7172D23961}.Release|Any CPU.Build.0 = Release|Any CPU
		{17E0FA88-D165-4557-958C-31B7298B54FE}.Debug|Any CPU.ActiveCfg = Debug|Any CPU
		{17E0FA88-D165-4557-958C-31B7298B54FE}.Debug|Any CPU.Build.0 = Debug|Any CPU
		{17E0FA88-D165-4557-958C-31B7298B54FE}.Release|Any CPU.ActiveCfg = Release|Any CPU
		{17E0FA88-D165-4557-958C-31B7298B54FE}.Release|Any CPU.Build.0 = Release|Any CPU
		{C6B63219-97B7-4F57-AF7B-1CBEAB6E06CA}.Debug|Any CPU.ActiveCfg = Debug|Any CPU
		{C6B63219-97B7-4F57-AF7B-1CBEAB6E06CA}.Debug|Any CPU.Build.0 = Debug|Any CPU
		{C6B63219-97B7-4F57-AF7B-1CBEAB6E06CA}.Release|Any CPU.ActiveCfg = Release|Any CPU
		{C6B63219-97B7-4F57-AF7B-1CBEAB6E06CA}.Release|Any CPU.Build.0 = Release|Any CPU
		{8B5A2424-006E-4E87-BF7C-EB70B2A5E177}.Debug|Any CPU.ActiveCfg = Debug|Any CPU
		{8B5A2424-006E-4E87-BF7C-EB70B2A5E177}.Debug|Any CPU.Build.0 = Debug|Any CPU
		{8B5A2424-006E-4E87-BF7C-EB70B2A5E177}.Release|Any CPU.ActiveCfg = Release|Any CPU
		{8B5A2424-006E-4E87-BF7C-EB70B2A5E177}.Release|Any CPU.Build.0 = Release|Any CPU
		{48E3153A-D715-4AC6-87F5-B1F737583CE5}.Debug|Any CPU.ActiveCfg = Debug|Any CPU
		{48E3153A-D715-4AC6-87F5-B1F737583CE5}.Debug|Any CPU.Build.0 = Debug|Any CPU
		{48E3153A-D715-4AC6-87F5-B1F737583CE5}.Release|Any CPU.ActiveCfg = Release|Any CPU
		{48E3153A-D715-4AC6-87F5-B1F737583CE5}.Release|Any CPU.Build.0 = Release|Any CPU
		{E28DB9D2-D78B-40C0-8718-636862558955}.Debug|Any CPU.ActiveCfg = Debug|Any CPU
		{E28DB9D2-D78B-40C0-8718-636862558955}.Debug|Any CPU.Build.0 = Debug|Any CPU
		{E28DB9D2-D78B-40C0-8718-636862558955}.Release|Any CPU.ActiveCfg = Release|Any CPU
		{E28DB9D2-D78B-40C0-8718-636862558955}.Release|Any CPU.Build.0 = Release|Any CPU
		{6502D6CA-E5A0-4372-B098-5520EBD1FD05}.Debug|Any CPU.ActiveCfg = Debug|Any CPU
		{6502D6CA-E5A0-4372-B098-5520EBD1FD05}.Debug|Any CPU.Build.0 = Debug|Any CPU
		{6502D6CA-E5A0-4372-B098-5520EBD1FD05}.Release|Any CPU.ActiveCfg = Release|Any CPU
		{6502D6CA-E5A0-4372-B098-5520EBD1FD05}.Release|Any CPU.Build.0 = Release|Any CPU
		{E3D27C78-40F3-44A1-BEB6-869B184751C8}.Debug|Any CPU.ActiveCfg = Debug|Any CPU
		{E3D27C78-40F3-44A1-BEB6-869B184751C8}.Debug|Any CPU.Build.0 = Debug|Any CPU
		{E3D27C78-40F3-44A1-BEB6-869B184751C8}.Release|Any CPU.ActiveCfg = Release|Any CPU
		{E3D27C78-40F3-44A1-BEB6-869B184751C8}.Release|Any CPU.Build.0 = Release|Any CPU
		{6D92B734-89AE-4F7E-B8FA-8C4E719230C5}.Debug|Any CPU.ActiveCfg = Debug|Any CPU
		{6D92B734-89AE-4F7E-B8FA-8C4E719230C5}.Debug|Any CPU.Build.0 = Debug|Any CPU
		{6D92B734-89AE-4F7E-B8FA-8C4E719230C5}.Release|Any CPU.ActiveCfg = Release|Any CPU
		{6D92B734-89AE-4F7E-B8FA-8C4E719230C5}.Release|Any CPU.Build.0 = Release|Any CPU
		{06E962EB-E229-4498-BBBA-25CD07EE002C}.Debug|Any CPU.ActiveCfg = Debug|Any CPU
		{06E962EB-E229-4498-BBBA-25CD07EE002C}.Debug|Any CPU.Build.0 = Debug|Any CPU
		{06E962EB-E229-4498-BBBA-25CD07EE002C}.Release|Any CPU.ActiveCfg = Release|Any CPU
		{06E962EB-E229-4498-BBBA-25CD07EE002C}.Release|Any CPU.Build.0 = Release|Any CPU
		{B2013017-3D72-4CDE-88F6-9E0E7B48BA02}.Debug|Any CPU.ActiveCfg = Debug|Any CPU
		{B2013017-3D72-4CDE-88F6-9E0E7B48BA02}.Debug|Any CPU.Build.0 = Debug|Any CPU
		{B2013017-3D72-4CDE-88F6-9E0E7B48BA02}.Release|Any CPU.ActiveCfg = Release|Any CPU
		{B2013017-3D72-4CDE-88F6-9E0E7B48BA02}.Release|Any CPU.Build.0 = Release|Any CPU
		{ABD04B47-3BBA-46A9-85E4-2493E3F3CA6D}.Debug|Any CPU.ActiveCfg = Debug|Any CPU
		{ABD04B47-3BBA-46A9-85E4-2493E3F3CA6D}.Debug|Any CPU.Build.0 = Debug|Any CPU
		{ABD04B47-3BBA-46A9-85E4-2493E3F3CA6D}.Release|Any CPU.ActiveCfg = Release|Any CPU
		{ABD04B47-3BBA-46A9-85E4-2493E3F3CA6D}.Release|Any CPU.Build.0 = Release|Any CPU
		{61903E01-5733-4399-98C8-634EB7774E4A}.Debug|Any CPU.ActiveCfg = Debug|Any CPU
		{61903E01-5733-4399-98C8-634EB7774E4A}.Debug|Any CPU.Build.0 = Debug|Any CPU
		{61903E01-5733-4399-98C8-634EB7774E4A}.Release|Any CPU.ActiveCfg = Release|Any CPU
		{61903E01-5733-4399-98C8-634EB7774E4A}.Release|Any CPU.Build.0 = Release|Any CPU
		{089F8880-D2E3-415F-A0D3-9FFBEC69274F}.Debug|Any CPU.ActiveCfg = Debug|Any CPU
		{089F8880-D2E3-415F-A0D3-9FFBEC69274F}.Debug|Any CPU.Build.0 = Debug|Any CPU
		{089F8880-D2E3-415F-A0D3-9FFBEC69274F}.Release|Any CPU.ActiveCfg = Release|Any CPU
		{089F8880-D2E3-415F-A0D3-9FFBEC69274F}.Release|Any CPU.Build.0 = Release|Any CPU
		{88893FC2-6066-460B-9CFF-3CA00C87972C}.Debug|Any CPU.ActiveCfg = Debug|Any CPU
		{88893FC2-6066-460B-9CFF-3CA00C87972C}.Debug|Any CPU.Build.0 = Debug|Any CPU
		{88893FC2-6066-460B-9CFF-3CA00C87972C}.Release|Any CPU.ActiveCfg = Release|Any CPU
		{88893FC2-6066-460B-9CFF-3CA00C87972C}.Release|Any CPU.Build.0 = Release|Any CPU
		{04F43BAE-ACAE-4494-BA19-E0B7D11B3A0E}.Debug|Any CPU.ActiveCfg = Debug|Any CPU
		{04F43BAE-ACAE-4494-BA19-E0B7D11B3A0E}.Debug|Any CPU.Build.0 = Debug|Any CPU
		{04F43BAE-ACAE-4494-BA19-E0B7D11B3A0E}.Release|Any CPU.ActiveCfg = Release|Any CPU
		{04F43BAE-ACAE-4494-BA19-E0B7D11B3A0E}.Release|Any CPU.Build.0 = Release|Any CPU
		{5D2FAA82-FAFB-4005-9F9F-939117580B49}.Debug|Any CPU.ActiveCfg = Debug|Any CPU
		{5D2FAA82-FAFB-4005-9F9F-939117580B49}.Debug|Any CPU.Build.0 = Debug|Any CPU
		{5D2FAA82-FAFB-4005-9F9F-939117580B49}.Release|Any CPU.ActiveCfg = Release|Any CPU
		{5D2FAA82-FAFB-4005-9F9F-939117580B49}.Release|Any CPU.Build.0 = Release|Any CPU
		{324D22E2-BE25-4E09-AEB6-A5611082F12D}.Debug|Any CPU.ActiveCfg = Debug|Any CPU
		{324D22E2-BE25-4E09-AEB6-A5611082F12D}.Debug|Any CPU.Build.0 = Debug|Any CPU
		{324D22E2-BE25-4E09-AEB6-A5611082F12D}.Release|Any CPU.ActiveCfg = Release|Any CPU
		{324D22E2-BE25-4E09-AEB6-A5611082F12D}.Release|Any CPU.Build.0 = Release|Any CPU
		{60DD6864-137B-4BB2-935F-216ABF099306}.Debug|Any CPU.ActiveCfg = Debug|Any CPU
		{60DD6864-137B-4BB2-935F-216ABF099306}.Debug|Any CPU.Build.0 = Debug|Any CPU
		{60DD6864-137B-4BB2-935F-216ABF099306}.Release|Any CPU.ActiveCfg = Release|Any CPU
		{60DD6864-137B-4BB2-935F-216ABF099306}.Release|Any CPU.Build.0 = Release|Any CPU
		{E69B4394-323B-4B80-A9FE-FDE3AE92953A}.Debug|Any CPU.ActiveCfg = Debug|Any CPU
		{E69B4394-323B-4B80-A9FE-FDE3AE92953A}.Debug|Any CPU.Build.0 = Debug|Any CPU
		{E69B4394-323B-4B80-A9FE-FDE3AE92953A}.Release|Any CPU.ActiveCfg = Release|Any CPU
		{E69B4394-323B-4B80-A9FE-FDE3AE92953A}.Release|Any CPU.Build.0 = Release|Any CPU
		{88DBED5A-FD0D-4104-98DE-D96E3D447C18}.Debug|Any CPU.ActiveCfg = Debug|Any CPU
		{88DBED5A-FD0D-4104-98DE-D96E3D447C18}.Debug|Any CPU.Build.0 = Debug|Any CPU
		{88DBED5A-FD0D-4104-98DE-D96E3D447C18}.Release|Any CPU.ActiveCfg = Release|Any CPU
		{88DBED5A-FD0D-4104-98DE-D96E3D447C18}.Release|Any CPU.Build.0 = Release|Any CPU
		{55BC42E0-2392-420D-815B-94906ABE6FF2}.Debug|Any CPU.ActiveCfg = Debug|Any CPU
		{55BC42E0-2392-420D-815B-94906ABE6FF2}.Debug|Any CPU.Build.0 = Debug|Any CPU
		{55BC42E0-2392-420D-815B-94906ABE6FF2}.Release|Any CPU.ActiveCfg = Release|Any CPU
		{55BC42E0-2392-420D-815B-94906ABE6FF2}.Release|Any CPU.Build.0 = Release|Any CPU
		{7E098E45-6869-49ED-A66A-609DE78F1D0A}.Debug|Any CPU.ActiveCfg = Debug|Any CPU
		{7E098E45-6869-49ED-A66A-609DE78F1D0A}.Debug|Any CPU.Build.0 = Debug|Any CPU
		{7E098E45-6869-49ED-A66A-609DE78F1D0A}.Release|Any CPU.ActiveCfg = Release|Any CPU
		{7E098E45-6869-49ED-A66A-609DE78F1D0A}.Release|Any CPU.Build.0 = Release|Any CPU
		{52389597-43D1-4D70-9DB2-C9EC258BA18C}.Debug|Any CPU.ActiveCfg = Debug|Any CPU
		{52389597-43D1-4D70-9DB2-C9EC258BA18C}.Debug|Any CPU.Build.0 = Debug|Any CPU
		{52389597-43D1-4D70-9DB2-C9EC258BA18C}.Release|Any CPU.ActiveCfg = Release|Any CPU
		{52389597-43D1-4D70-9DB2-C9EC258BA18C}.Release|Any CPU.Build.0 = Release|Any CPU
		{AC835222-2DD1-4724-87CE-3AC9AAB8167C}.Debug|Any CPU.ActiveCfg = Debug|Any CPU
		{AC835222-2DD1-4724-87CE-3AC9AAB8167C}.Debug|Any CPU.Build.0 = Debug|Any CPU
		{AC835222-2DD1-4724-87CE-3AC9AAB8167C}.Release|Any CPU.ActiveCfg = Release|Any CPU
		{AC835222-2DD1-4724-87CE-3AC9AAB8167C}.Release|Any CPU.Build.0 = Release|Any CPU
		{F4C5C1A4-7165-47B9-A8C2-F2320D96FB0B}.Debug|Any CPU.ActiveCfg = Debug|Any CPU
		{F4C5C1A4-7165-47B9-A8C2-F2320D96FB0B}.Debug|Any CPU.Build.0 = Debug|Any CPU
		{F4C5C1A4-7165-47B9-A8C2-F2320D96FB0B}.Release|Any CPU.ActiveCfg = Release|Any CPU
		{F4C5C1A4-7165-47B9-A8C2-F2320D96FB0B}.Release|Any CPU.Build.0 = Release|Any CPU
		{AABBFCCB-03F4-4831-AC0B-390534163056}.Debug|Any CPU.ActiveCfg = Debug|Any CPU
		{AABBFCCB-03F4-4831-AC0B-390534163056}.Debug|Any CPU.Build.0 = Debug|Any CPU
		{AABBFCCB-03F4-4831-AC0B-390534163056}.Release|Any CPU.ActiveCfg = Release|Any CPU
		{AABBFCCB-03F4-4831-AC0B-390534163056}.Release|Any CPU.Build.0 = Release|Any CPU
		{4FC29F8A-0F92-4C5A-915B-3B866D84E319}.Debug|Any CPU.ActiveCfg = Debug|Any CPU
		{4FC29F8A-0F92-4C5A-915B-3B866D84E319}.Debug|Any CPU.Build.0 = Debug|Any CPU
		{4FC29F8A-0F92-4C5A-915B-3B866D84E319}.Release|Any CPU.ActiveCfg = Release|Any CPU
		{4FC29F8A-0F92-4C5A-915B-3B866D84E319}.Release|Any CPU.Build.0 = Release|Any CPU
		{80C4CFF9-FADE-48E7-90C7-5E96C4992D44}.Debug|Any CPU.ActiveCfg = Debug|Any CPU
		{80C4CFF9-FADE-48E7-90C7-5E96C4992D44}.Debug|Any CPU.Build.0 = Debug|Any CPU
		{80C4CFF9-FADE-48E7-90C7-5E96C4992D44}.Release|Any CPU.ActiveCfg = Release|Any CPU
		{80C4CFF9-FADE-48E7-90C7-5E96C4992D44}.Release|Any CPU.Build.0 = Release|Any CPU
		{A91BE94F-03C7-457E-839D-41121B8823AF}.Debug|Any CPU.ActiveCfg = Debug|Any CPU
		{A91BE94F-03C7-457E-839D-41121B8823AF}.Debug|Any CPU.Build.0 = Debug|Any CPU
		{A91BE94F-03C7-457E-839D-41121B8823AF}.Release|Any CPU.ActiveCfg = Release|Any CPU
		{A91BE94F-03C7-457E-839D-41121B8823AF}.Release|Any CPU.Build.0 = Release|Any CPU
		{1B4A83FB-4785-4E5E-8515-2DB10F8E47E4}.Debug|Any CPU.ActiveCfg = Debug|Any CPU
		{1B4A83FB-4785-4E5E-8515-2DB10F8E47E4}.Debug|Any CPU.Build.0 = Debug|Any CPU
		{1B4A83FB-4785-4E5E-8515-2DB10F8E47E4}.Release|Any CPU.ActiveCfg = Release|Any CPU
		{1B4A83FB-4785-4E5E-8515-2DB10F8E47E4}.Release|Any CPU.Build.0 = Release|Any CPU
		{4FF0C019-B327-4400-BA51-B6432D0F2137}.Debug|Any CPU.ActiveCfg = Debug|Any CPU
		{4FF0C019-B327-4400-BA51-B6432D0F2137}.Debug|Any CPU.Build.0 = Debug|Any CPU
		{4FF0C019-B327-4400-BA51-B6432D0F2137}.Release|Any CPU.ActiveCfg = Release|Any CPU
		{4FF0C019-B327-4400-BA51-B6432D0F2137}.Release|Any CPU.Build.0 = Release|Any CPU
	EndGlobalSection
	GlobalSection(SolutionProperties) = preSolution
		HideSolutionNode = FALSE
	EndGlobalSection
EndGlobal
