
Microsoft Visual Studio Solution File, Format Version 12.00
# Visual Studio 14
VisualStudioVersion = 14.0.23107.0
MinimumVisualStudioVersion = 10.0.40219.1
Project("{FAE04EC0-301F-11D3-BF4B-00C04F79EFBC}") = "MusicStore.Models", "MusicStore.Models\MusicStore.Models.csproj", "{5AD4DF00-E0AA-47DA-AEDC-E48D70C117C5}"
EndProject
Project("{FAE04EC0-301F-11D3-BF4B-00C04F79EFBC}") = "MusicStore.Data", "MusicStore.Data\MusicStore.Data.csproj", "{53DFFD85-6CE7-4A75-AAFA-32CF9A29C6A4}"
EndProject
Project("{FAE04EC0-301F-11D3-BF4B-00C04F79EFBC}") = "MusicStore.Services", "MusicStore.Services\MusicStore.Services.csproj", "{6394471C-FD6C-4186-99F2-E1485136895B}"
EndProject
Project("{FAE04EC0-301F-11D3-BF4B-00C04F79EFBC}") = "MusicStore.ConsoleClient", "MusicStore.Client\MusicStore.ConsoleClient\MusicStore.ConsoleClient.csproj", "{D1594818-D634-42E7-9309-78607D8B9A72}"
EndProject
Global
	GlobalSection(SolutionConfigurationPlatforms) = preSolution
		Debug|Any CPU = Debug|Any CPU
		Release|Any CPU = Release|Any CPU
	EndGlobalSection
	GlobalSection(ProjectConfigurationPlatforms) = postSolution
		{5AD4DF00-E0AA-47DA-AEDC-E48D70C117C5}.Debug|Any CPU.ActiveCfg = Debug|Any CPU
		{5AD4DF00-E0AA-47DA-AEDC-E48D70C117C5}.Debug|Any CPU.Build.0 = Debug|Any CPU
		{5AD4DF00-E0AA-47DA-AEDC-E48D70C117C5}.Release|Any CPU.ActiveCfg = Release|Any CPU
		{5AD4DF00-E0AA-47DA-AEDC-E48D70C117C5}.Release|Any CPU.Build.0 = Release|Any CPU
		{53DFFD85-6CE7-4A75-AAFA-32CF9A29C6A4}.Debug|Any CPU.ActiveCfg = Debug|Any CPU
		{53DFFD85-6CE7-4A75-AAFA-32CF9A29C6A4}.Debug|Any CPU.Build.0 = Debug|Any CPU
		{53DFFD85-6CE7-4A75-AAFA-32CF9A29C6A4}.Release|Any CPU.ActiveCfg = Release|Any CPU
		{53DFFD85-6CE7-4A75-AAFA-32CF9A29C6A4}.Release|Any CPU.Build.0 = Release|Any CPU
		{6394471C-FD6C-4186-99F2-E1485136895B}.Debug|Any CPU.ActiveCfg = Debug|Any CPU
		{6394471C-FD6C-4186-99F2-E1485136895B}.Debug|Any CPU.Build.0 = Debug|Any CPU
		{6394471C-FD6C-4186-99F2-E1485136895B}.Release|Any CPU.ActiveCfg = Release|Any CPU
		{6394471C-FD6C-4186-99F2-E1485136895B}.Release|Any CPU.Build.0 = Release|Any CPU
		{D1594818-D634-42E7-9309-78607D8B9A72}.Debug|Any CPU.ActiveCfg = Debug|Any CPU
		{D1594818-D634-42E7-9309-78607D8B9A72}.Debug|Any CPU.Build.0 = Debug|Any CPU
		{D1594818-D634-42E7-9309-78607D8B9A72}.Release|Any CPU.ActiveCfg = Release|Any CPU
		{D1594818-D634-42E7-9309-78607D8B9A72}.Release|Any CPU.Build.0 = Release|Any CPU
	EndGlobalSection
	GlobalSection(SolutionProperties) = preSolution
		HideSolutionNode = FALSE
	EndGlobalSection
EndGlobal
