
Microsoft Visual Studio Solution File, Format Version 12.00
# Visual Studio 2013
VisualStudioVersion = 12.0.40629.0
MinimumVisualStudioVersion = 10.0.40219.1
Project("{FAE04EC0-301F-11D3-BF4B-00C04F79EFBC}") = "XMLProcessing", "XMLProcessing\XMLProcessing.csproj", "{C60F1CCB-3CB5-46EE-8639-CA2CF772E1DC}"
EndProject
Global
	GlobalSection(SolutionConfigurationPlatforms) = preSolution
		Debug|Any CPU = Debug|Any CPU
		Release|Any CPU = Release|Any CPU
	EndGlobalSection
	GlobalSection(ProjectConfigurationPlatforms) = postSolution
		{C60F1CCB-3CB5-46EE-8639-CA2CF772E1DC}.Debug|Any CPU.ActiveCfg = Debug|Any CPU
		{C60F1CCB-3CB5-46EE-8639-CA2CF772E1DC}.Debug|Any CPU.Build.0 = Debug|Any CPU
		{C60F1CCB-3CB5-46EE-8639-CA2CF772E1DC}.Release|Any CPU.ActiveCfg = Release|Any CPU
		{C60F1CCB-3CB5-46EE-8639-CA2CF772E1DC}.Release|Any CPU.Build.0 = Release|Any CPU
	EndGlobalSection
	GlobalSection(SolutionProperties) = preSolution
		HideSolutionNode = FALSE
	EndGlobalSection
EndGlobal
