
Microsoft Visual Studio Solution File, Format Version 12.00
# Visual Studio 2013
VisualStudioVersion = 12.0.21005.1
MinimumVisualStudioVersion = 10.0.40219.1
Project("{FAE04EC0-301F-11D3-BF4B-00C04F79EFBC}") = "01-3. StudentClass", "01. StudentClass\01-3. StudentClass.csproj", "{64D7CA64-1715-4469-995C-5765BF6A4AE5}"
EndProject
Project("{FAE04EC0-301F-11D3-BF4B-00C04F79EFBC}") = "04. PersonClass", "04. PersonClass\04. PersonClass.csproj", "{50E44D2E-5905-4929-844C-1C4D692EE789}"
EndProject
Project("{FAE04EC0-301F-11D3-BF4B-00C04F79EFBC}") = "05. 64BitArray", "05. 64BitArray\05. 64BitArray.csproj", "{212B8D20-FA26-42A1-A16E-1CA7A2133AFF}"
EndProject
Global
	GlobalSection(SolutionConfigurationPlatforms) = preSolution
		Debug|Any CPU = Debug|Any CPU
		Release|Any CPU = Release|Any CPU
	EndGlobalSection
	GlobalSection(ProjectConfigurationPlatforms) = postSolution
		{64D7CA64-1715-4469-995C-5765BF6A4AE5}.Debug|Any CPU.ActiveCfg = Debug|Any CPU
		{64D7CA64-1715-4469-995C-5765BF6A4AE5}.Debug|Any CPU.Build.0 = Debug|Any CPU
		{64D7CA64-1715-4469-995C-5765BF6A4AE5}.Release|Any CPU.ActiveCfg = Release|Any CPU
		{64D7CA64-1715-4469-995C-5765BF6A4AE5}.Release|Any CPU.Build.0 = Release|Any CPU
		{50E44D2E-5905-4929-844C-1C4D692EE789}.Debug|Any CPU.ActiveCfg = Debug|Any CPU
		{50E44D2E-5905-4929-844C-1C4D692EE789}.Debug|Any CPU.Build.0 = Debug|Any CPU
		{50E44D2E-5905-4929-844C-1C4D692EE789}.Release|Any CPU.ActiveCfg = Release|Any CPU
		{50E44D2E-5905-4929-844C-1C4D692EE789}.Release|Any CPU.Build.0 = Release|Any CPU
		{212B8D20-FA26-42A1-A16E-1CA7A2133AFF}.Debug|Any CPU.ActiveCfg = Debug|Any CPU
		{212B8D20-FA26-42A1-A16E-1CA7A2133AFF}.Debug|Any CPU.Build.0 = Debug|Any CPU
		{212B8D20-FA26-42A1-A16E-1CA7A2133AFF}.Release|Any CPU.ActiveCfg = Release|Any CPU
		{212B8D20-FA26-42A1-A16E-1CA7A2133AFF}.Release|Any CPU.Build.0 = Release|Any CPU
	EndGlobalSection
	GlobalSection(SolutionProperties) = preSolution
		HideSolutionNode = FALSE
	EndGlobalSection
EndGlobal
