
Microsoft Visual Studio Solution File, Format Version 12.00
# Visual Studio 2013
VisualStudioVersion = 12.0.21005.1
MinimumVisualStudioVersion = 10.0.40219.1
Project("{FAE04EC0-301F-11D3-BF4B-00C04F79EFBC}") = "01. TreeView", "01. TreeView\01. TreeView.csproj", "{C77E1616-254D-4E74-8202-BE8FD90CE087}"
EndProject
Project("{FAE04EC0-301F-11D3-BF4B-00C04F79EFBC}") = "02. MusicCategories", "02. MusicCategories\02. MusicCategories.csproj", "{A8CD67EC-C29E-433A-AA5F-8A74BC0FF9CB}"
EndProject
Project("{FAE04EC0-301F-11D3-BF4B-00C04F79EFBC}") = "03. MembersLogin", "03. MembersLogin\03. MembersLogin.csproj", "{0E0BCFBB-0F4A-482D-B8C1-D04A54C8578A}"
EndProject
Project("{FAE04EC0-301F-11D3-BF4B-00C04F79EFBC}") = "04. CSS DocumentationSite", "04. CSS DocumentationSite\04. CSS DocumentationSite.csproj", "{1CB23A50-B0B8-4D46-A6F8-3497BDD0828B}"
EndProject
Project("{FAE04EC0-301F-11D3-BF4B-00C04F79EFBC}") = "05. LaptopStore", "05. LaptopStore\05. LaptopStore.csproj", "{918D5AF8-CACF-4BC1-B870-1C6D2EA628C3}"
EndProject
Project("{FAE04EC0-301F-11D3-BF4B-00C04F79EFBC}") = "06. News", "06. News\06. News.csproj", "{7139B95B-05BB-4EE7-A496-B08629CF60B6}"
EndProject
Global
	GlobalSection(SolutionConfigurationPlatforms) = preSolution
		Debug|Any CPU = Debug|Any CPU
		Release|Any CPU = Release|Any CPU
	EndGlobalSection
	GlobalSection(ProjectConfigurationPlatforms) = postSolution
		{C77E1616-254D-4E74-8202-BE8FD90CE087}.Debug|Any CPU.ActiveCfg = Debug|Any CPU
		{C77E1616-254D-4E74-8202-BE8FD90CE087}.Debug|Any CPU.Build.0 = Debug|Any CPU
		{C77E1616-254D-4E74-8202-BE8FD90CE087}.Release|Any CPU.ActiveCfg = Release|Any CPU
		{C77E1616-254D-4E74-8202-BE8FD90CE087}.Release|Any CPU.Build.0 = Release|Any CPU
		{A8CD67EC-C29E-433A-AA5F-8A74BC0FF9CB}.Debug|Any CPU.ActiveCfg = Debug|Any CPU
		{A8CD67EC-C29E-433A-AA5F-8A74BC0FF9CB}.Debug|Any CPU.Build.0 = Debug|Any CPU
		{A8CD67EC-C29E-433A-AA5F-8A74BC0FF9CB}.Release|Any CPU.ActiveCfg = Release|Any CPU
		{A8CD67EC-C29E-433A-AA5F-8A74BC0FF9CB}.Release|Any CPU.Build.0 = Release|Any CPU
		{0E0BCFBB-0F4A-482D-B8C1-D04A54C8578A}.Debug|Any CPU.ActiveCfg = Debug|Any CPU
		{0E0BCFBB-0F4A-482D-B8C1-D04A54C8578A}.Debug|Any CPU.Build.0 = Debug|Any CPU
		{0E0BCFBB-0F4A-482D-B8C1-D04A54C8578A}.Release|Any CPU.ActiveCfg = Release|Any CPU
		{0E0BCFBB-0F4A-482D-B8C1-D04A54C8578A}.Release|Any CPU.Build.0 = Release|Any CPU
		{1CB23A50-B0B8-4D46-A6F8-3497BDD0828B}.Debug|Any CPU.ActiveCfg = Debug|Any CPU
		{1CB23A50-B0B8-4D46-A6F8-3497BDD0828B}.Debug|Any CPU.Build.0 = Debug|Any CPU
		{1CB23A50-B0B8-4D46-A6F8-3497BDD0828B}.Release|Any CPU.ActiveCfg = Release|Any CPU
		{1CB23A50-B0B8-4D46-A6F8-3497BDD0828B}.Release|Any CPU.Build.0 = Release|Any CPU
		{918D5AF8-CACF-4BC1-B870-1C6D2EA628C3}.Debug|Any CPU.ActiveCfg = Debug|Any CPU
		{918D5AF8-CACF-4BC1-B870-1C6D2EA628C3}.Debug|Any CPU.Build.0 = Debug|Any CPU
		{918D5AF8-CACF-4BC1-B870-1C6D2EA628C3}.Release|Any CPU.ActiveCfg = Release|Any CPU
		{918D5AF8-CACF-4BC1-B870-1C6D2EA628C3}.Release|Any CPU.Build.0 = Release|Any CPU
		{7139B95B-05BB-4EE7-A496-B08629CF60B6}.Debug|Any CPU.ActiveCfg = Debug|Any CPU
		{7139B95B-05BB-4EE7-A496-B08629CF60B6}.Debug|Any CPU.Build.0 = Debug|Any CPU
		{7139B95B-05BB-4EE7-A496-B08629CF60B6}.Release|Any CPU.ActiveCfg = Release|Any CPU
		{7139B95B-05BB-4EE7-A496-B08629CF60B6}.Release|Any CPU.Build.0 = Release|Any CPU
	EndGlobalSection
	GlobalSection(SolutionProperties) = preSolution
		HideSolutionNode = FALSE
	EndGlobalSection
EndGlobal
