
Microsoft Visual Studio Solution File, Format Version 12.00
# Visual Studio 2013
VisualStudioVersion = 12.0.31101.0
MinimumVisualStudioVersion = 10.0.40219.1
Project("{FAE04EC0-301F-11D3-BF4B-00C04F79EFBC}") = "01. ForumPost", "01. ForumPost\01. ForumPost.csproj", "{DA58E8DE-A515-4183-8E9D-45FCDA4B2BDE}"
EndProject
Project("{FAE04EC0-301F-11D3-BF4B-00C04F79EFBC}") = "02. WebGallery", "02. WebGallery\02. WebGallery.csproj", "{34AB1E07-B12A-41CF-AC6C-E0FCCCE41473}"
EndProject
Global
	GlobalSection(SolutionConfigurationPlatforms) = preSolution
		Debug|Any CPU = Debug|Any CPU
		Release|Any CPU = Release|Any CPU
	EndGlobalSection
	GlobalSection(ProjectConfigurationPlatforms) = postSolution
		{DA58E8DE-A515-4183-8E9D-45FCDA4B2BDE}.Debug|Any CPU.ActiveCfg = Debug|Any CPU
		{DA58E8DE-A515-4183-8E9D-45FCDA4B2BDE}.Debug|Any CPU.Build.0 = Debug|Any CPU
		{DA58E8DE-A515-4183-8E9D-45FCDA4B2BDE}.Release|Any CPU.ActiveCfg = Release|Any CPU
		{DA58E8DE-A515-4183-8E9D-45FCDA4B2BDE}.Release|Any CPU.Build.0 = Release|Any CPU
		{34AB1E07-B12A-41CF-AC6C-E0FCCCE41473}.Debug|Any CPU.ActiveCfg = Debug|Any CPU
		{34AB1E07-B12A-41CF-AC6C-E0FCCCE41473}.Debug|Any CPU.Build.0 = Debug|Any CPU
		{34AB1E07-B12A-41CF-AC6C-E0FCCCE41473}.Release|Any CPU.ActiveCfg = Release|Any CPU
		{34AB1E07-B12A-41CF-AC6C-E0FCCCE41473}.Release|Any CPU.Build.0 = Release|Any CPU
	EndGlobalSection
	GlobalSection(SolutionProperties) = preSolution
		HideSolutionNode = FALSE
	EndGlobalSection
EndGlobal
